
Microsoft Visual Studio Solution File, Format Version 12.00
# Visual Studio Version 17
VisualStudioVersion = 17.1.32414.318
MinimumVisualStudioVersion = 10.0.40219.1
Project("{FAE04EC0-301F-11D3-BF4B-00C04F79EFBC}") = "SDLU0507", "SDLU0507\SDLU0507.csproj", "{1D5193A1-DEB3-4E4D-8F8E-5C71A019778A}"
EndProject
Global
	GlobalSection(SolutionConfigurationPlatforms) = preSolution
		Debug|Any CPU = Debug|Any CPU
		Release|Any CPU = Release|Any CPU
	EndGlobalSection
	GlobalSection(ProjectConfigurationPlatforms) = postSolution
		{1D5193A1-DEB3-4E4D-8F8E-5C71A019778A}.Debug|Any CPU.ActiveCfg = Debug|Any CPU
		{1D5193A1-DEB3-4E4D-8F8E-5C71A019778A}.Debug|Any CPU.Build.0 = Debug|Any CPU
		{1D5193A1-DEB3-4E4D-8F8E-5C71A019778A}.Release|Any CPU.ActiveCfg = Release|Any CPU
		{1D5193A1-DEB3-4E4D-8F8E-5C71A019778A}.Release|Any CPU.Build.0 = Release|Any CPU
	EndGlobalSection
	GlobalSection(SolutionProperties) = preSolution
		HideSolutionNode = FALSE
	EndGlobalSection
	GlobalSection(ExtensibilityGlobals) = postSolution
		SolutionGuid = {52331928-08DF-489F-9F90-141F42DF00C9}
	EndGlobalSection
EndGlobal
