
Microsoft Visual Studio Solution File, Format Version 12.00
# Visual Studio 15
Project("{FAE04EC0-301F-11D3-BF4B-00C04F79EFBC}") = "Assembly-CSharp", "Assembly-CSharp.csproj", "{087652E4-7337-C9CD-584B-06F13C7046BA}"
EndProject
Project("{FAE04EC0-301F-11D3-BF4B-00C04F79EFBC}") = "Assembly-CSharp-firstpass", "Assembly-CSharp-firstpass.csproj", "{244D5249-365D-4424-1DE4-CC02E40C7A24}"
EndProject
Global
	GlobalSection(SolutionConfigurationPlatforms) = preSolution
		Debug|Any CPU = Debug|Any CPU
		Release|Any CPU = Release|Any CPU
	EndGlobalSection
	GlobalSection(ProjectConfigurationPlatforms) = postSolution
		{087652E4-7337-C9CD-584B-06F13C7046BA}.Debug|Any CPU.ActiveCfg = Debug|Any CPU
		{087652E4-7337-C9CD-584B-06F13C7046BA}.Debug|Any CPU.Build.0 = Debug|Any CPU
		{087652E4-7337-C9CD-584B-06F13C7046BA}.Release|Any CPU.ActiveCfg = Release|Any CPU
		{087652E4-7337-C9CD-584B-06F13C7046BA}.Release|Any CPU.Build.0 = Release|Any CPU
		{244D5249-365D-4424-1DE4-CC02E40C7A24}.Debug|Any CPU.ActiveCfg = Debug|Any CPU
		{244D5249-365D-4424-1DE4-CC02E40C7A24}.Debug|Any CPU.Build.0 = Debug|Any CPU
		{244D5249-365D-4424-1DE4-CC02E40C7A24}.Release|Any CPU.ActiveCfg = Release|Any CPU
		{244D5249-365D-4424-1DE4-CC02E40C7A24}.Release|Any CPU.Build.0 = Release|Any CPU
	EndGlobalSection
	GlobalSection(SolutionProperties) = preSolution
		HideSolutionNode = FALSE
	EndGlobalSection
EndGlobal
